
Microsoft Visual Studio Solution File, Format Version 12.00
# Visual Studio 2013
VisualStudioVersion = 12.0.30723.0
MinimumVisualStudioVersion = 10.0.40219.1
Project("{FAE04EC0-301F-11D3-BF4B-00C04F79EFBC}") = "MedievalWarfare.Common", "MedievalWarfare.Common\MedievalWarfare.Common.csproj", "{8198EA3D-AD71-41BD-A334-DA4D9DF32262}"
EndProject
Project("{FAE04EC0-301F-11D3-BF4B-00C04F79EFBC}") = "MedievalWarfare.Client", "MedievalWarfare.Client\MedievalWarfare.Client.csproj", "{710CC7EB-17E7-451E-A8F2-6E4D509CC06B}"
EndProject
Project("{FAE04EC0-301F-11D3-BF4B-00C04F79EFBC}") = "MedievalWarfare.WcfLib", "MedievalWarfare.WcfLib\MedievalWarfare.WcfLib.csproj", "{48A398C9-71E3-479F-BA3D-5ADD4A8D62C7}"
EndProject
Global
	GlobalSection(SolutionConfigurationPlatforms) = preSolution
		Debug|Any CPU = Debug|Any CPU
		Release|Any CPU = Release|Any CPU
	EndGlobalSection
	GlobalSection(ProjectConfigurationPlatforms) = postSolution
		{8198EA3D-AD71-41BD-A334-DA4D9DF32262}.Debug|Any CPU.ActiveCfg = Debug|Any CPU
		{8198EA3D-AD71-41BD-A334-DA4D9DF32262}.Debug|Any CPU.Build.0 = Debug|Any CPU
		{8198EA3D-AD71-41BD-A334-DA4D9DF32262}.Release|Any CPU.ActiveCfg = Release|Any CPU
		{8198EA3D-AD71-41BD-A334-DA4D9DF32262}.Release|Any CPU.Build.0 = Release|Any CPU
		{710CC7EB-17E7-451E-A8F2-6E4D509CC06B}.Debug|Any CPU.ActiveCfg = Debug|Any CPU
		{710CC7EB-17E7-451E-A8F2-6E4D509CC06B}.Debug|Any CPU.Build.0 = Debug|Any CPU
		{710CC7EB-17E7-451E-A8F2-6E4D509CC06B}.Release|Any CPU.ActiveCfg = Release|Any CPU
		{710CC7EB-17E7-451E-A8F2-6E4D509CC06B}.Release|Any CPU.Build.0 = Release|Any CPU
		{48A398C9-71E3-479F-BA3D-5ADD4A8D62C7}.Debug|Any CPU.ActiveCfg = Debug|Any CPU
		{48A398C9-71E3-479F-BA3D-5ADD4A8D62C7}.Debug|Any CPU.Build.0 = Debug|Any CPU
		{48A398C9-71E3-479F-BA3D-5ADD4A8D62C7}.Release|Any CPU.ActiveCfg = Release|Any CPU
		{48A398C9-71E3-479F-BA3D-5ADD4A8D62C7}.Release|Any CPU.Build.0 = Release|Any CPU
	EndGlobalSection
	GlobalSection(SolutionProperties) = preSolution
		HideSolutionNode = FALSE
	EndGlobalSection
EndGlobal
