
Microsoft Visual Studio Solution File, Format Version 12.00
# Visual Studio 2013
VisualStudioVersion = 12.0.31101.0
MinimumVisualStudioVersion = 10.0.40219.1
Project("{FAE04EC0-301F-11D3-BF4B-00C04F79EFBC}") = "MedievalWarfare.Common", "MedievalWarfare.Common\MedievalWarfare.Common.csproj", "{8198EA3D-AD71-41BD-A334-DA4D9DF32262}"
EndProject
Project("{FAE04EC0-301F-11D3-BF4B-00C04F79EFBC}") = "MedievalWarfare.WcfLib", "MedievalWarfare.WcfLib\MedievalWarfare.WcfLib.csproj", "{48A398C9-71E3-479F-BA3D-5ADD4A8D62C7}"
EndProject
Project("{FAE04EC0-301F-11D3-BF4B-00C04F79EFBC}") = "MedievalWarfare.ServerHosting", "MedievalWarfare.ServerHosting\MedievalWarfare.ServerHosting.csproj", "{94E15793-8D49-4D89-96B9-5F783A3D86FF}"
EndProject
Project("{FAE04EC0-301F-11D3-BF4B-00C04F79EFBC}") = "MedievalWarfare.Client", "MedievalWarfare.Client\MedievalWarfare.Client.csproj", "{B287AF26-2651-4891-A990-56F9514FAE5A}"
EndProject
Project("{FAE04EC0-301F-11D3-BF4B-00C04F79EFBC}") = "MedievalWarfare.TestClient", "MedievalWarfare.TestClient\MedievalWarfare.TestClient.csproj", "{4C525F45-AAA6-41B7-938B-E3061BBF08A2}"
EndProject
Global
	GlobalSection(SolutionConfigurationPlatforms) = preSolution
		Debug|Any CPU = Debug|Any CPU
		Release|Any CPU = Release|Any CPU
	EndGlobalSection
	GlobalSection(ProjectConfigurationPlatforms) = postSolution
		{8198EA3D-AD71-41BD-A334-DA4D9DF32262}.Debug|Any CPU.ActiveCfg = Debug|Any CPU
		{8198EA3D-AD71-41BD-A334-DA4D9DF32262}.Debug|Any CPU.Build.0 = Debug|Any CPU
		{8198EA3D-AD71-41BD-A334-DA4D9DF32262}.Release|Any CPU.ActiveCfg = Release|Any CPU
		{8198EA3D-AD71-41BD-A334-DA4D9DF32262}.Release|Any CPU.Build.0 = Release|Any CPU
		{48A398C9-71E3-479F-BA3D-5ADD4A8D62C7}.Debug|Any CPU.ActiveCfg = Debug|Any CPU
		{48A398C9-71E3-479F-BA3D-5ADD4A8D62C7}.Debug|Any CPU.Build.0 = Debug|Any CPU
		{48A398C9-71E3-479F-BA3D-5ADD4A8D62C7}.Release|Any CPU.ActiveCfg = Release|Any CPU
		{48A398C9-71E3-479F-BA3D-5ADD4A8D62C7}.Release|Any CPU.Build.0 = Release|Any CPU
		{94E15793-8D49-4D89-96B9-5F783A3D86FF}.Debug|Any CPU.ActiveCfg = Debug|Any CPU
		{94E15793-8D49-4D89-96B9-5F783A3D86FF}.Debug|Any CPU.Build.0 = Debug|Any CPU
		{94E15793-8D49-4D89-96B9-5F783A3D86FF}.Release|Any CPU.ActiveCfg = Release|Any CPU
		{94E15793-8D49-4D89-96B9-5F783A3D86FF}.Release|Any CPU.Build.0 = Release|Any CPU
		{B287AF26-2651-4891-A990-56F9514FAE5A}.Debug|Any CPU.ActiveCfg = Debug|Any CPU
		{B287AF26-2651-4891-A990-56F9514FAE5A}.Debug|Any CPU.Build.0 = Debug|Any CPU
		{B287AF26-2651-4891-A990-56F9514FAE5A}.Release|Any CPU.ActiveCfg = Release|Any CPU
		{B287AF26-2651-4891-A990-56F9514FAE5A}.Release|Any CPU.Build.0 = Release|Any CPU
		{4C525F45-AAA6-41B7-938B-E3061BBF08A2}.Debug|Any CPU.ActiveCfg = Debug|Any CPU
		{4C525F45-AAA6-41B7-938B-E3061BBF08A2}.Debug|Any CPU.Build.0 = Debug|Any CPU
		{4C525F45-AAA6-41B7-938B-E3061BBF08A2}.Release|Any CPU.ActiveCfg = Release|Any CPU
		{4C525F45-AAA6-41B7-938B-E3061BBF08A2}.Release|Any CPU.Build.0 = Release|Any CPU
	EndGlobalSection
	GlobalSection(SolutionProperties) = preSolution
		HideSolutionNode = FALSE
	EndGlobalSection
EndGlobal
